
Microsoft Visual Studio Solution File, Format Version 12.00
# Visual Studio Version 16
VisualStudioVersion = 16.0.30011.22
MinimumVisualStudioVersion = 10.0.40219.1
Project("{FAE04EC0-301F-11D3-BF4B-00C04F79EFBC}") = "Video Leasing Management", "Video Leasing Management\Video Leasing Management.csproj", "{5C552CEB-78E4-42CE-B030-AE5A5BA346A0}"
EndProject
Project("{FAE04EC0-301F-11D3-BF4B-00C04F79EFBC}") = "VLM.Data", "VLM.Data\VLM.Data.csproj", "{EA11C905-A659-40D5-AB9A-C7C1CDA925D3}"
EndProject
Global
	GlobalSection(SolutionConfigurationPlatforms) = preSolution
		Debug|Any CPU = Debug|Any CPU
		Release|Any CPU = Release|Any CPU
	EndGlobalSection
	GlobalSection(ProjectConfigurationPlatforms) = postSolution
		{5C552CEB-78E4-42CE-B030-AE5A5BA346A0}.Debug|Any CPU.ActiveCfg = Debug|Any CPU
		{5C552CEB-78E4-42CE-B030-AE5A5BA346A0}.Debug|Any CPU.Build.0 = Debug|Any CPU
		{5C552CEB-78E4-42CE-B030-AE5A5BA346A0}.Release|Any CPU.ActiveCfg = Release|Any CPU
		{5C552CEB-78E4-42CE-B030-AE5A5BA346A0}.Release|Any CPU.Build.0 = Release|Any CPU
		{EA11C905-A659-40D5-AB9A-C7C1CDA925D3}.Debug|Any CPU.ActiveCfg = Debug|Any CPU
		{EA11C905-A659-40D5-AB9A-C7C1CDA925D3}.Debug|Any CPU.Build.0 = Debug|Any CPU
		{EA11C905-A659-40D5-AB9A-C7C1CDA925D3}.Release|Any CPU.ActiveCfg = Release|Any CPU
		{EA11C905-A659-40D5-AB9A-C7C1CDA925D3}.Release|Any CPU.Build.0 = Release|Any CPU
	EndGlobalSection
	GlobalSection(SolutionProperties) = preSolution
		HideSolutionNode = FALSE
	EndGlobalSection
	GlobalSection(ExtensibilityGlobals) = postSolution
		SolutionGuid = {FE9AD315-74B9-4C1A-A7C0-3C2B4AA2A9AB}
	EndGlobalSection
EndGlobal
